# This file was autogenerated by Stack.
# You should not edit this file by hand.
# For more information, please see the documentation at:
#   https://docs.haskellstack.org/en/stable/lock_files

packages:
- completed:
    size: 11682
    url: https://github.com/t4ccer/ardu-gen/archive/7dcce4b677623be85f6229df20aa57210d31a0a1.tar.gz
    name: ardu-gen
    version: 0.1.0.0
    sha256: 88980cda124741baed12a9626595630ab5c16a5de77cb2388fb7767c97ce8328
    pantry-tree:
      size: 1506
      sha256: f31a10cd28f31411eee613c96feab9cbcaaa041875c07b86d49c7e6e8a345618
  original:
    url: https://github.com/t4ccer/ardu-gen/archive/7dcce4b677623be85f6229df20aa57210d31a0a1.tar.gz
snapshots:
- completed:
    size: 522655
    url: https://raw.githubusercontent.com/commercialhaskell/stackage-snapshots/master/nightly/2020/8/1.yaml
    sha256: fd0afe3e32e0745f2ccdc1271b618456dbddaee4daf5cb69526a3a102a6bbcaa
  original: nightly-2020-08-01
