# This file was autogenerated by Stack.
# You should not edit this file by hand.
# For more information, please see the documentation at:
#   https://docs.haskellstack.org/en/stable/lock_files

packages:
- completed:
    size: 6747
    url: https://github.com/jozefg/c-dsl/archive/57251493a77f9d72e70afe6c9a3b2e9b5359082d.tar.gz
    name: c-dsl
    version: 0.3.1
    sha256: 7dc69475818282d711c367493cd02b88511c7555697f7df625049f3530707c54
    pantry-tree:
      size: 716
      sha256: 80020fbf9e42c055bccb291d3c799a0a644a0712ff5f0682ffe6c9a68fb64850
  original:
    url: https://github.com/jozefg/c-dsl/archive/57251493a77f9d72e70afe6c9a3b2e9b5359082d.tar.gz
snapshots:
- completed:
    size: 585393
    url: https://raw.githubusercontent.com/commercialhaskell/stackage-snapshots/master/lts/18/0.yaml
    sha256: c632012da648385b9fa3c29f4e0afd56ead299f1c5528ee789058be410e883c0
  original: lts-18.0
