# This file was autogenerated by Stack.
# You should not edit this file by hand.
# For more information, please see the documentation at:
#   https://docs.haskellstack.org/en/stable/lock_files

packages:
- completed:
    size: 11682
    url: https://github.com/t4ccer/ardu-gen/archive/7dcce4b677623be85f6229df20aa57210d31a0a1.tar.gz
    name: ardu-gen
    version: 0.1.0.0
    sha256: 88980cda124741baed12a9626595630ab5c16a5de77cb2388fb7767c97ce8328
    pantry-tree:
      size: 1506
      sha256: f31a10cd28f31411eee613c96feab9cbcaaa041875c07b86d49c7e6e8a345618
  original:
    url: https://github.com/t4ccer/ardu-gen/archive/7dcce4b677623be85f6229df20aa57210d31a0a1.tar.gz
snapshots:
- completed:
    size: 585393
    url: https://raw.githubusercontent.com/commercialhaskell/stackage-snapshots/master/lts/18/0.yaml
    sha256: c632012da648385b9fa3c29f4e0afd56ead299f1c5528ee789058be410e883c0
  original: lts-18.0
